
Microsoft Visual Studio Solution File, Format Version 12.00
# Visual Studio 15
VisualStudioVersion = 15.0.28010.2048
MinimumVisualStudioVersion = 10.0.40219.1
Project("{9A19103F-16F7-4668-BE54-9A1E7A4F7556}") = "ConsolaTest", "ConsolaTest\ConsolaTest.csproj", "{8093B56A-48DF-484B-A50C-CBF9339A5992}"
EndProject
Project("{FAE04EC0-301F-11D3-BF4B-00C04F79EFBC}") = "IU.Android", "IU\IU.Android\IU.Android.csproj", "{24CE3C36-16B9-426D-AA0C-5961ECF8D88C}"
EndProject
Project("{FAE04EC0-301F-11D3-BF4B-00C04F79EFBC}") = "IU.iOS", "IU\IU.iOS\IU.iOS.csproj", "{76CD6774-D6DA-4DB5-8D5E-40BFEB566802}"
EndProject
Project("{9A19103F-16F7-4668-BE54-9A1E7A4F7556}") = "IU.MobileAppService", "IU\IU.MobileAppService\IU.MobileAppService.csproj", "{307BA3B5-2FD4-4F72-B520-32981E0BF74D}"
EndProject
Project("{9A19103F-16F7-4668-BE54-9A1E7A4F7556}") = "IU", "IU\IU\IU.csproj", "{05A88CB8-5EC9-47F3-9732-4B90789CAB13}"
EndProject
Project("{9A19103F-16F7-4668-BE54-9A1E7A4F7556}") = "Modelo", "Modelo\Modelo.csproj", "{04960560-47A7-4CA5-8957-CA92FEDBF450}"
EndProject
Project("{FAE04EC0-301F-11D3-BF4B-00C04F79EFBC}") = "Persistencia", "Persistencia\Persistencia.csproj", "{1F3C24ED-B883-406F-B8C1-2C5AC83DFA00}"
EndProject
Global
	GlobalSection(SolutionConfigurationPlatforms) = preSolution
		Debug|Any CPU = Debug|Any CPU
		Debug|iPhone = Debug|iPhone
		Debug|iPhoneSimulator = Debug|iPhoneSimulator
		Release|Any CPU = Release|Any CPU
		Release|iPhone = Release|iPhone
		Release|iPhoneSimulator = Release|iPhoneSimulator
	EndGlobalSection
	GlobalSection(ProjectConfigurationPlatforms) = postSolution
		{8093B56A-48DF-484B-A50C-CBF9339A5992}.Debug|Any CPU.ActiveCfg = Debug|Any CPU
		{8093B56A-48DF-484B-A50C-CBF9339A5992}.Debug|Any CPU.Build.0 = Debug|Any CPU
		{8093B56A-48DF-484B-A50C-CBF9339A5992}.Debug|iPhone.ActiveCfg = Debug|Any CPU
		{8093B56A-48DF-484B-A50C-CBF9339A5992}.Debug|iPhone.Build.0 = Debug|Any CPU
		{8093B56A-48DF-484B-A50C-CBF9339A5992}.Debug|iPhoneSimulator.ActiveCfg = Debug|Any CPU
		{8093B56A-48DF-484B-A50C-CBF9339A5992}.Debug|iPhoneSimulator.Build.0 = Debug|Any CPU
		{8093B56A-48DF-484B-A50C-CBF9339A5992}.Release|Any CPU.ActiveCfg = Release|Any CPU
		{8093B56A-48DF-484B-A50C-CBF9339A5992}.Release|Any CPU.Build.0 = Release|Any CPU
		{8093B56A-48DF-484B-A50C-CBF9339A5992}.Release|iPhone.ActiveCfg = Release|Any CPU
		{8093B56A-48DF-484B-A50C-CBF9339A5992}.Release|iPhone.Build.0 = Release|Any CPU
		{8093B56A-48DF-484B-A50C-CBF9339A5992}.Release|iPhoneSimulator.ActiveCfg = Release|Any CPU
		{8093B56A-48DF-484B-A50C-CBF9339A5992}.Release|iPhoneSimulator.Build.0 = Release|Any CPU
		{24CE3C36-16B9-426D-AA0C-5961ECF8D88C}.Debug|Any CPU.ActiveCfg = Debug|Any CPU
		{24CE3C36-16B9-426D-AA0C-5961ECF8D88C}.Debug|Any CPU.Build.0 = Debug|Any CPU
		{24CE3C36-16B9-426D-AA0C-5961ECF8D88C}.Debug|Any CPU.Deploy.0 = Debug|Any CPU
		{24CE3C36-16B9-426D-AA0C-5961ECF8D88C}.Debug|iPhone.ActiveCfg = Debug|Any CPU
		{24CE3C36-16B9-426D-AA0C-5961ECF8D88C}.Debug|iPhone.Build.0 = Debug|Any CPU
		{24CE3C36-16B9-426D-AA0C-5961ECF8D88C}.Debug|iPhone.Deploy.0 = Debug|Any CPU
		{24CE3C36-16B9-426D-AA0C-5961ECF8D88C}.Debug|iPhoneSimulator.ActiveCfg = Debug|Any CPU
		{24CE3C36-16B9-426D-AA0C-5961ECF8D88C}.Debug|iPhoneSimulator.Build.0 = Debug|Any CPU
		{24CE3C36-16B9-426D-AA0C-5961ECF8D88C}.Debug|iPhoneSimulator.Deploy.0 = Debug|Any CPU
		{24CE3C36-16B9-426D-AA0C-5961ECF8D88C}.Release|Any CPU.ActiveCfg = Release|Any CPU
		{24CE3C36-16B9-426D-AA0C-5961ECF8D88C}.Release|Any CPU.Build.0 = Release|Any CPU
		{24CE3C36-16B9-426D-AA0C-5961ECF8D88C}.Release|Any CPU.Deploy.0 = Release|Any CPU
		{24CE3C36-16B9-426D-AA0C-5961ECF8D88C}.Release|iPhone.ActiveCfg = Release|Any CPU
		{24CE3C36-16B9-426D-AA0C-5961ECF8D88C}.Release|iPhone.Build.0 = Release|Any CPU
		{24CE3C36-16B9-426D-AA0C-5961ECF8D88C}.Release|iPhone.Deploy.0 = Release|Any CPU
		{24CE3C36-16B9-426D-AA0C-5961ECF8D88C}.Release|iPhoneSimulator.ActiveCfg = Release|Any CPU
		{24CE3C36-16B9-426D-AA0C-5961ECF8D88C}.Release|iPhoneSimulator.Build.0 = Release|Any CPU
		{24CE3C36-16B9-426D-AA0C-5961ECF8D88C}.Release|iPhoneSimulator.Deploy.0 = Release|Any CPU
		{76CD6774-D6DA-4DB5-8D5E-40BFEB566802}.Debug|Any CPU.ActiveCfg = Debug|iPhone
		{76CD6774-D6DA-4DB5-8D5E-40BFEB566802}.Debug|iPhone.ActiveCfg = Debug|iPhone
		{76CD6774-D6DA-4DB5-8D5E-40BFEB566802}.Debug|iPhone.Build.0 = Debug|iPhone
		{76CD6774-D6DA-4DB5-8D5E-40BFEB566802}.Debug|iPhoneSimulator.ActiveCfg = Debug|iPhoneSimulator
		{76CD6774-D6DA-4DB5-8D5E-40BFEB566802}.Debug|iPhoneSimulator.Build.0 = Debug|iPhoneSimulator
		{76CD6774-D6DA-4DB5-8D5E-40BFEB566802}.Release|Any CPU.ActiveCfg = Release|iPhone
		{76CD6774-D6DA-4DB5-8D5E-40BFEB566802}.Release|iPhone.ActiveCfg = Release|iPhone
		{76CD6774-D6DA-4DB5-8D5E-40BFEB566802}.Release|iPhone.Build.0 = Release|iPhone
		{76CD6774-D6DA-4DB5-8D5E-40BFEB566802}.Release|iPhoneSimulator.ActiveCfg = Release|iPhoneSimulator
		{76CD6774-D6DA-4DB5-8D5E-40BFEB566802}.Release|iPhoneSimulator.Build.0 = Release|iPhoneSimulator
		{307BA3B5-2FD4-4F72-B520-32981E0BF74D}.Debug|Any CPU.ActiveCfg = Debug|Any CPU
		{307BA3B5-2FD4-4F72-B520-32981E0BF74D}.Debug|Any CPU.Build.0 = Debug|Any CPU
		{307BA3B5-2FD4-4F72-B520-32981E0BF74D}.Debug|iPhone.ActiveCfg = Debug|Any CPU
		{307BA3B5-2FD4-4F72-B520-32981E0BF74D}.Debug|iPhone.Build.0 = Debug|Any CPU
		{307BA3B5-2FD4-4F72-B520-32981E0BF74D}.Debug|iPhoneSimulator.ActiveCfg = Debug|Any CPU
		{307BA3B5-2FD4-4F72-B520-32981E0BF74D}.Debug|iPhoneSimulator.Build.0 = Debug|Any CPU
		{307BA3B5-2FD4-4F72-B520-32981E0BF74D}.Release|Any CPU.ActiveCfg = Release|Any CPU
		{307BA3B5-2FD4-4F72-B520-32981E0BF74D}.Release|Any CPU.Build.0 = Release|Any CPU
		{307BA3B5-2FD4-4F72-B520-32981E0BF74D}.Release|iPhone.ActiveCfg = Release|Any CPU
		{307BA3B5-2FD4-4F72-B520-32981E0BF74D}.Release|iPhone.Build.0 = Release|Any CPU
		{307BA3B5-2FD4-4F72-B520-32981E0BF74D}.Release|iPhoneSimulator.ActiveCfg = Release|Any CPU
		{307BA3B5-2FD4-4F72-B520-32981E0BF74D}.Release|iPhoneSimulator.Build.0 = Release|Any CPU
		{05A88CB8-5EC9-47F3-9732-4B90789CAB13}.Debug|Any CPU.ActiveCfg = Debug|Any CPU
		{05A88CB8-5EC9-47F3-9732-4B90789CAB13}.Debug|Any CPU.Build.0 = Debug|Any CPU
		{05A88CB8-5EC9-47F3-9732-4B90789CAB13}.Debug|iPhone.ActiveCfg = Debug|Any CPU
		{05A88CB8-5EC9-47F3-9732-4B90789CAB13}.Debug|iPhone.Build.0 = Debug|Any CPU
		{05A88CB8-5EC9-47F3-9732-4B90789CAB13}.Debug|iPhoneSimulator.ActiveCfg = Debug|Any CPU
		{05A88CB8-5EC9-47F3-9732-4B90789CAB13}.Debug|iPhoneSimulator.Build.0 = Debug|Any CPU
		{05A88CB8-5EC9-47F3-9732-4B90789CAB13}.Release|Any CPU.ActiveCfg = Release|Any CPU
		{05A88CB8-5EC9-47F3-9732-4B90789CAB13}.Release|Any CPU.Build.0 = Release|Any CPU
		{05A88CB8-5EC9-47F3-9732-4B90789CAB13}.Release|iPhone.ActiveCfg = Release|Any CPU
		{05A88CB8-5EC9-47F3-9732-4B90789CAB13}.Release|iPhone.Build.0 = Release|Any CPU
		{05A88CB8-5EC9-47F3-9732-4B90789CAB13}.Release|iPhoneSimulator.ActiveCfg = Release|Any CPU
		{05A88CB8-5EC9-47F3-9732-4B90789CAB13}.Release|iPhoneSimulator.Build.0 = Release|Any CPU
		{04960560-47A7-4CA5-8957-CA92FEDBF450}.Debug|Any CPU.ActiveCfg = Debug|Any CPU
		{04960560-47A7-4CA5-8957-CA92FEDBF450}.Debug|Any CPU.Build.0 = Debug|Any CPU
		{04960560-47A7-4CA5-8957-CA92FEDBF450}.Debug|iPhone.ActiveCfg = Debug|Any CPU
		{04960560-47A7-4CA5-8957-CA92FEDBF450}.Debug|iPhone.Build.0 = Debug|Any CPU
		{04960560-47A7-4CA5-8957-CA92FEDBF450}.Debug|iPhoneSimulator.ActiveCfg = Debug|Any CPU
		{04960560-47A7-4CA5-8957-CA92FEDBF450}.Debug|iPhoneSimulator.Build.0 = Debug|Any CPU
		{04960560-47A7-4CA5-8957-CA92FEDBF450}.Release|Any CPU.ActiveCfg = Release|Any CPU
		{04960560-47A7-4CA5-8957-CA92FEDBF450}.Release|Any CPU.Build.0 = Release|Any CPU
		{04960560-47A7-4CA5-8957-CA92FEDBF450}.Release|iPhone.ActiveCfg = Release|Any CPU
		{04960560-47A7-4CA5-8957-CA92FEDBF450}.Release|iPhone.Build.0 = Release|Any CPU
		{04960560-47A7-4CA5-8957-CA92FEDBF450}.Release|iPhoneSimulator.ActiveCfg = Release|Any CPU
		{04960560-47A7-4CA5-8957-CA92FEDBF450}.Release|iPhoneSimulator.Build.0 = Release|Any CPU
		{1F3C24ED-B883-406F-B8C1-2C5AC83DFA00}.Debug|Any CPU.ActiveCfg = Debug|Any CPU
		{1F3C24ED-B883-406F-B8C1-2C5AC83DFA00}.Debug|Any CPU.Build.0 = Debug|Any CPU
		{1F3C24ED-B883-406F-B8C1-2C5AC83DFA00}.Debug|iPhone.ActiveCfg = Debug|Any CPU
		{1F3C24ED-B883-406F-B8C1-2C5AC83DFA00}.Debug|iPhone.Build.0 = Debug|Any CPU
		{1F3C24ED-B883-406F-B8C1-2C5AC83DFA00}.Debug|iPhoneSimulator.ActiveCfg = Debug|Any CPU
		{1F3C24ED-B883-406F-B8C1-2C5AC83DFA00}.Debug|iPhoneSimulator.Build.0 = Debug|Any CPU
		{1F3C24ED-B883-406F-B8C1-2C5AC83DFA00}.Release|Any CPU.ActiveCfg = Release|Any CPU
		{1F3C24ED-B883-406F-B8C1-2C5AC83DFA00}.Release|Any CPU.Build.0 = Release|Any CPU
		{1F3C24ED-B883-406F-B8C1-2C5AC83DFA00}.Release|iPhone.ActiveCfg = Release|Any CPU
		{1F3C24ED-B883-406F-B8C1-2C5AC83DFA00}.Release|iPhone.Build.0 = Release|Any CPU
		{1F3C24ED-B883-406F-B8C1-2C5AC83DFA00}.Release|iPhoneSimulator.ActiveCfg = Release|Any CPU
		{1F3C24ED-B883-406F-B8C1-2C5AC83DFA00}.Release|iPhoneSimulator.Build.0 = Release|Any CPU
	EndGlobalSection
	GlobalSection(SolutionProperties) = preSolution
		HideSolutionNode = FALSE
	EndGlobalSection
	GlobalSection(ExtensibilityGlobals) = postSolution
		SolutionGuid = {85BC56D6-58C2-4EF5-8DEA-D2A11584C41B}
	EndGlobalSection
EndGlobal
