
Microsoft Visual Studio Solution File, Format Version 12.00
# Visual Studio 15
VisualStudioVersion = 15.0.28010.2048
MinimumVisualStudioVersion = 10.0.40219.1
Project("{9A19103F-16F7-4668-BE54-9A1E7A4F7556}") = "ConsolaTest", "ConsolaTest\ConsolaTest.csproj", "{8093B56A-48DF-484B-A50C-CBF9339A5992}"
EndProject
Project("{9A19103F-16F7-4668-BE54-9A1E7A4F7556}") = "Modelo", "Modelo\Modelo.csproj", "{04960560-47A7-4CA5-8957-CA92FEDBF450}"
EndProject
Project("{9A19103F-16F7-4668-BE54-9A1E7A4F7556}") = "Persistencia", "Persistencia\Persistencia.csproj", "{1F3C24ED-B883-406F-B8C1-2C5AC83DFA00}"
EndProject
Project("{FAE04EC0-301F-11D3-BF4B-00C04F79EFBC}") = "InterfazUsuario.Android", "InterfazUsuario\InterfazUsuario.Android\InterfazUsuario.Android.csproj", "{203B7497-4192-4B84-B903-6E67CFA1E6BA}"
EndProject
Project("{FAE04EC0-301F-11D3-BF4B-00C04F79EFBC}") = "InterfazUsuario.iOS", "InterfazUsuario\InterfazUsuario.iOS\InterfazUsuario.iOS.csproj", "{A87DFB7E-9E40-443B-A7E2-3E84C5611B94}"
EndProject
Project("{FAE04EC0-301F-11D3-BF4B-00C04F79EFBC}") = "InterfazUsuario.UWP", "InterfazUsuario\InterfazUsuario.UWP\InterfazUsuario.UWP.csproj", "{0E44B7F3-6994-4E0F-AD73-60EF8DCC55CC}"
EndProject
Project("{9A19103F-16F7-4668-BE54-9A1E7A4F7556}") = "InterfazUsuario", "InterfazUsuario\InterfazUsuario\InterfazUsuario.csproj", "{89D1388A-D0D5-47EA-9A43-2E196F30D7ED}"
EndProject
Project("{FAE04EC0-301F-11D3-BF4B-00C04F79EFBC}") = "WebApplication2", "WebApplication2\WebApplication2.csproj", "{B4856029-09E4-43C5-A8DE-28166371E854}"
EndProject
Global
	GlobalSection(SolutionConfigurationPlatforms) = preSolution
		Ad-Hoc|Any CPU = Ad-Hoc|Any CPU
		Ad-Hoc|ARM = Ad-Hoc|ARM
		Ad-Hoc|iPhone = Ad-Hoc|iPhone
		Ad-Hoc|iPhoneSimulator = Ad-Hoc|iPhoneSimulator
		Ad-Hoc|x64 = Ad-Hoc|x64
		Ad-Hoc|x86 = Ad-Hoc|x86
		AppStore|Any CPU = AppStore|Any CPU
		AppStore|ARM = AppStore|ARM
		AppStore|iPhone = AppStore|iPhone
		AppStore|iPhoneSimulator = AppStore|iPhoneSimulator
		AppStore|x64 = AppStore|x64
		AppStore|x86 = AppStore|x86
		Debug|Any CPU = Debug|Any CPU
		Debug|ARM = Debug|ARM
		Debug|iPhone = Debug|iPhone
		Debug|iPhoneSimulator = Debug|iPhoneSimulator
		Debug|x64 = Debug|x64
		Debug|x86 = Debug|x86
		Release|Any CPU = Release|Any CPU
		Release|ARM = Release|ARM
		Release|iPhone = Release|iPhone
		Release|iPhoneSimulator = Release|iPhoneSimulator
		Release|x64 = Release|x64
		Release|x86 = Release|x86
	EndGlobalSection
	GlobalSection(ProjectConfigurationPlatforms) = postSolution
		{8093B56A-48DF-484B-A50C-CBF9339A5992}.Ad-Hoc|Any CPU.ActiveCfg = Release|Any CPU
		{8093B56A-48DF-484B-A50C-CBF9339A5992}.Ad-Hoc|Any CPU.Build.0 = Release|Any CPU
		{8093B56A-48DF-484B-A50C-CBF9339A5992}.Ad-Hoc|ARM.ActiveCfg = Release|Any CPU
		{8093B56A-48DF-484B-A50C-CBF9339A5992}.Ad-Hoc|ARM.Build.0 = Release|Any CPU
		{8093B56A-48DF-484B-A50C-CBF9339A5992}.Ad-Hoc|iPhone.ActiveCfg = Release|Any CPU
		{8093B56A-48DF-484B-A50C-CBF9339A5992}.Ad-Hoc|iPhone.Build.0 = Release|Any CPU
		{8093B56A-48DF-484B-A50C-CBF9339A5992}.Ad-Hoc|iPhoneSimulator.ActiveCfg = Release|Any CPU
		{8093B56A-48DF-484B-A50C-CBF9339A5992}.Ad-Hoc|iPhoneSimulator.Build.0 = Release|Any CPU
		{8093B56A-48DF-484B-A50C-CBF9339A5992}.Ad-Hoc|x64.ActiveCfg = Release|Any CPU
		{8093B56A-48DF-484B-A50C-CBF9339A5992}.Ad-Hoc|x64.Build.0 = Release|Any CPU
		{8093B56A-48DF-484B-A50C-CBF9339A5992}.Ad-Hoc|x86.ActiveCfg = Release|Any CPU
		{8093B56A-48DF-484B-A50C-CBF9339A5992}.Ad-Hoc|x86.Build.0 = Release|Any CPU
		{8093B56A-48DF-484B-A50C-CBF9339A5992}.AppStore|Any CPU.ActiveCfg = Release|Any CPU
		{8093B56A-48DF-484B-A50C-CBF9339A5992}.AppStore|Any CPU.Build.0 = Release|Any CPU
		{8093B56A-48DF-484B-A50C-CBF9339A5992}.AppStore|ARM.ActiveCfg = Release|Any CPU
		{8093B56A-48DF-484B-A50C-CBF9339A5992}.AppStore|ARM.Build.0 = Release|Any CPU
		{8093B56A-48DF-484B-A50C-CBF9339A5992}.AppStore|iPhone.ActiveCfg = Release|Any CPU
		{8093B56A-48DF-484B-A50C-CBF9339A5992}.AppStore|iPhone.Build.0 = Release|Any CPU
		{8093B56A-48DF-484B-A50C-CBF9339A5992}.AppStore|iPhoneSimulator.ActiveCfg = Release|Any CPU
		{8093B56A-48DF-484B-A50C-CBF9339A5992}.AppStore|iPhoneSimulator.Build.0 = Release|Any CPU
		{8093B56A-48DF-484B-A50C-CBF9339A5992}.AppStore|x64.ActiveCfg = Release|Any CPU
		{8093B56A-48DF-484B-A50C-CBF9339A5992}.AppStore|x64.Build.0 = Release|Any CPU
		{8093B56A-48DF-484B-A50C-CBF9339A5992}.AppStore|x86.ActiveCfg = Release|Any CPU
		{8093B56A-48DF-484B-A50C-CBF9339A5992}.AppStore|x86.Build.0 = Release|Any CPU
		{8093B56A-48DF-484B-A50C-CBF9339A5992}.Debug|Any CPU.ActiveCfg = Debug|Any CPU
		{8093B56A-48DF-484B-A50C-CBF9339A5992}.Debug|Any CPU.Build.0 = Debug|Any CPU
		{8093B56A-48DF-484B-A50C-CBF9339A5992}.Debug|ARM.ActiveCfg = Debug|Any CPU
		{8093B56A-48DF-484B-A50C-CBF9339A5992}.Debug|ARM.Build.0 = Debug|Any CPU
		{8093B56A-48DF-484B-A50C-CBF9339A5992}.Debug|iPhone.ActiveCfg = Debug|Any CPU
		{8093B56A-48DF-484B-A50C-CBF9339A5992}.Debug|iPhone.Build.0 = Debug|Any CPU
		{8093B56A-48DF-484B-A50C-CBF9339A5992}.Debug|iPhoneSimulator.ActiveCfg = Debug|Any CPU
		{8093B56A-48DF-484B-A50C-CBF9339A5992}.Debug|iPhoneSimulator.Build.0 = Debug|Any CPU
		{8093B56A-48DF-484B-A50C-CBF9339A5992}.Debug|x64.ActiveCfg = Debug|Any CPU
		{8093B56A-48DF-484B-A50C-CBF9339A5992}.Debug|x64.Build.0 = Debug|Any CPU
		{8093B56A-48DF-484B-A50C-CBF9339A5992}.Debug|x86.ActiveCfg = Debug|Any CPU
		{8093B56A-48DF-484B-A50C-CBF9339A5992}.Debug|x86.Build.0 = Debug|Any CPU
		{8093B56A-48DF-484B-A50C-CBF9339A5992}.Release|Any CPU.ActiveCfg = Release|Any CPU
		{8093B56A-48DF-484B-A50C-CBF9339A5992}.Release|Any CPU.Build.0 = Release|Any CPU
		{8093B56A-48DF-484B-A50C-CBF9339A5992}.Release|ARM.ActiveCfg = Release|Any CPU
		{8093B56A-48DF-484B-A50C-CBF9339A5992}.Release|ARM.Build.0 = Release|Any CPU
		{8093B56A-48DF-484B-A50C-CBF9339A5992}.Release|iPhone.ActiveCfg = Release|Any CPU
		{8093B56A-48DF-484B-A50C-CBF9339A5992}.Release|iPhone.Build.0 = Release|Any CPU
		{8093B56A-48DF-484B-A50C-CBF9339A5992}.Release|iPhoneSimulator.ActiveCfg = Release|Any CPU
		{8093B56A-48DF-484B-A50C-CBF9339A5992}.Release|iPhoneSimulator.Build.0 = Release|Any CPU
		{8093B56A-48DF-484B-A50C-CBF9339A5992}.Release|x64.ActiveCfg = Release|Any CPU
		{8093B56A-48DF-484B-A50C-CBF9339A5992}.Release|x64.Build.0 = Release|Any CPU
		{8093B56A-48DF-484B-A50C-CBF9339A5992}.Release|x86.ActiveCfg = Release|Any CPU
		{8093B56A-48DF-484B-A50C-CBF9339A5992}.Release|x86.Build.0 = Release|Any CPU
		{04960560-47A7-4CA5-8957-CA92FEDBF450}.Ad-Hoc|Any CPU.ActiveCfg = Release|Any CPU
		{04960560-47A7-4CA5-8957-CA92FEDBF450}.Ad-Hoc|Any CPU.Build.0 = Release|Any CPU
		{04960560-47A7-4CA5-8957-CA92FEDBF450}.Ad-Hoc|ARM.ActiveCfg = Release|Any CPU
		{04960560-47A7-4CA5-8957-CA92FEDBF450}.Ad-Hoc|ARM.Build.0 = Release|Any CPU
		{04960560-47A7-4CA5-8957-CA92FEDBF450}.Ad-Hoc|iPhone.ActiveCfg = Release|Any CPU
		{04960560-47A7-4CA5-8957-CA92FEDBF450}.Ad-Hoc|iPhone.Build.0 = Release|Any CPU
		{04960560-47A7-4CA5-8957-CA92FEDBF450}.Ad-Hoc|iPhoneSimulator.ActiveCfg = Release|Any CPU
		{04960560-47A7-4CA5-8957-CA92FEDBF450}.Ad-Hoc|iPhoneSimulator.Build.0 = Release|Any CPU
		{04960560-47A7-4CA5-8957-CA92FEDBF450}.Ad-Hoc|x64.ActiveCfg = Release|Any CPU
		{04960560-47A7-4CA5-8957-CA92FEDBF450}.Ad-Hoc|x64.Build.0 = Release|Any CPU
		{04960560-47A7-4CA5-8957-CA92FEDBF450}.Ad-Hoc|x86.ActiveCfg = Release|Any CPU
		{04960560-47A7-4CA5-8957-CA92FEDBF450}.Ad-Hoc|x86.Build.0 = Release|Any CPU
		{04960560-47A7-4CA5-8957-CA92FEDBF450}.AppStore|Any CPU.ActiveCfg = Release|Any CPU
		{04960560-47A7-4CA5-8957-CA92FEDBF450}.AppStore|Any CPU.Build.0 = Release|Any CPU
		{04960560-47A7-4CA5-8957-CA92FEDBF450}.AppStore|ARM.ActiveCfg = Release|Any CPU
		{04960560-47A7-4CA5-8957-CA92FEDBF450}.AppStore|ARM.Build.0 = Release|Any CPU
		{04960560-47A7-4CA5-8957-CA92FEDBF450}.AppStore|iPhone.ActiveCfg = Release|Any CPU
		{04960560-47A7-4CA5-8957-CA92FEDBF450}.AppStore|iPhone.Build.0 = Release|Any CPU
		{04960560-47A7-4CA5-8957-CA92FEDBF450}.AppStore|iPhoneSimulator.ActiveCfg = Release|Any CPU
		{04960560-47A7-4CA5-8957-CA92FEDBF450}.AppStore|iPhoneSimulator.Build.0 = Release|Any CPU
		{04960560-47A7-4CA5-8957-CA92FEDBF450}.AppStore|x64.ActiveCfg = Release|Any CPU
		{04960560-47A7-4CA5-8957-CA92FEDBF450}.AppStore|x64.Build.0 = Release|Any CPU
		{04960560-47A7-4CA5-8957-CA92FEDBF450}.AppStore|x86.ActiveCfg = Release|Any CPU
		{04960560-47A7-4CA5-8957-CA92FEDBF450}.AppStore|x86.Build.0 = Release|Any CPU
		{04960560-47A7-4CA5-8957-CA92FEDBF450}.Debug|Any CPU.ActiveCfg = Debug|Any CPU
		{04960560-47A7-4CA5-8957-CA92FEDBF450}.Debug|Any CPU.Build.0 = Debug|Any CPU
		{04960560-47A7-4CA5-8957-CA92FEDBF450}.Debug|ARM.ActiveCfg = Debug|Any CPU
		{04960560-47A7-4CA5-8957-CA92FEDBF450}.Debug|ARM.Build.0 = Debug|Any CPU
		{04960560-47A7-4CA5-8957-CA92FEDBF450}.Debug|iPhone.ActiveCfg = Debug|Any CPU
		{04960560-47A7-4CA5-8957-CA92FEDBF450}.Debug|iPhone.Build.0 = Debug|Any CPU
		{04960560-47A7-4CA5-8957-CA92FEDBF450}.Debug|iPhoneSimulator.ActiveCfg = Debug|Any CPU
		{04960560-47A7-4CA5-8957-CA92FEDBF450}.Debug|iPhoneSimulator.Build.0 = Debug|Any CPU
		{04960560-47A7-4CA5-8957-CA92FEDBF450}.Debug|x64.ActiveCfg = Debug|Any CPU
		{04960560-47A7-4CA5-8957-CA92FEDBF450}.Debug|x64.Build.0 = Debug|Any CPU
		{04960560-47A7-4CA5-8957-CA92FEDBF450}.Debug|x86.ActiveCfg = Debug|Any CPU
		{04960560-47A7-4CA5-8957-CA92FEDBF450}.Debug|x86.Build.0 = Debug|Any CPU
		{04960560-47A7-4CA5-8957-CA92FEDBF450}.Release|Any CPU.ActiveCfg = Release|Any CPU
		{04960560-47A7-4CA5-8957-CA92FEDBF450}.Release|Any CPU.Build.0 = Release|Any CPU
		{04960560-47A7-4CA5-8957-CA92FEDBF450}.Release|ARM.ActiveCfg = Release|Any CPU
		{04960560-47A7-4CA5-8957-CA92FEDBF450}.Release|ARM.Build.0 = Release|Any CPU
		{04960560-47A7-4CA5-8957-CA92FEDBF450}.Release|iPhone.ActiveCfg = Release|Any CPU
		{04960560-47A7-4CA5-8957-CA92FEDBF450}.Release|iPhone.Build.0 = Release|Any CPU
		{04960560-47A7-4CA5-8957-CA92FEDBF450}.Release|iPhoneSimulator.ActiveCfg = Release|Any CPU
		{04960560-47A7-4CA5-8957-CA92FEDBF450}.Release|iPhoneSimulator.Build.0 = Release|Any CPU
		{04960560-47A7-4CA5-8957-CA92FEDBF450}.Release|x64.ActiveCfg = Release|Any CPU
		{04960560-47A7-4CA5-8957-CA92FEDBF450}.Release|x64.Build.0 = Release|Any CPU
		{04960560-47A7-4CA5-8957-CA92FEDBF450}.Release|x86.ActiveCfg = Release|Any CPU
		{04960560-47A7-4CA5-8957-CA92FEDBF450}.Release|x86.Build.0 = Release|Any CPU
		{1F3C24ED-B883-406F-B8C1-2C5AC83DFA00}.Ad-Hoc|Any CPU.ActiveCfg = Release|Any CPU
		{1F3C24ED-B883-406F-B8C1-2C5AC83DFA00}.Ad-Hoc|Any CPU.Build.0 = Release|Any CPU
		{1F3C24ED-B883-406F-B8C1-2C5AC83DFA00}.Ad-Hoc|ARM.ActiveCfg = Release|Any CPU
		{1F3C24ED-B883-406F-B8C1-2C5AC83DFA00}.Ad-Hoc|ARM.Build.0 = Release|Any CPU
		{1F3C24ED-B883-406F-B8C1-2C5AC83DFA00}.Ad-Hoc|iPhone.ActiveCfg = Release|Any CPU
		{1F3C24ED-B883-406F-B8C1-2C5AC83DFA00}.Ad-Hoc|iPhone.Build.0 = Release|Any CPU
		{1F3C24ED-B883-406F-B8C1-2C5AC83DFA00}.Ad-Hoc|iPhoneSimulator.ActiveCfg = Release|Any CPU
		{1F3C24ED-B883-406F-B8C1-2C5AC83DFA00}.Ad-Hoc|iPhoneSimulator.Build.0 = Release|Any CPU
		{1F3C24ED-B883-406F-B8C1-2C5AC83DFA00}.Ad-Hoc|x64.ActiveCfg = Release|Any CPU
		{1F3C24ED-B883-406F-B8C1-2C5AC83DFA00}.Ad-Hoc|x64.Build.0 = Release|Any CPU
		{1F3C24ED-B883-406F-B8C1-2C5AC83DFA00}.Ad-Hoc|x86.ActiveCfg = Release|Any CPU
		{1F3C24ED-B883-406F-B8C1-2C5AC83DFA00}.Ad-Hoc|x86.Build.0 = Release|Any CPU
		{1F3C24ED-B883-406F-B8C1-2C5AC83DFA00}.AppStore|Any CPU.ActiveCfg = Release|Any CPU
		{1F3C24ED-B883-406F-B8C1-2C5AC83DFA00}.AppStore|Any CPU.Build.0 = Release|Any CPU
		{1F3C24ED-B883-406F-B8C1-2C5AC83DFA00}.AppStore|ARM.ActiveCfg = Release|Any CPU
		{1F3C24ED-B883-406F-B8C1-2C5AC83DFA00}.AppStore|ARM.Build.0 = Release|Any CPU
		{1F3C24ED-B883-406F-B8C1-2C5AC83DFA00}.AppStore|iPhone.ActiveCfg = Release|Any CPU
		{1F3C24ED-B883-406F-B8C1-2C5AC83DFA00}.AppStore|iPhone.Build.0 = Release|Any CPU
		{1F3C24ED-B883-406F-B8C1-2C5AC83DFA00}.AppStore|iPhoneSimulator.ActiveCfg = Release|Any CPU
		{1F3C24ED-B883-406F-B8C1-2C5AC83DFA00}.AppStore|iPhoneSimulator.Build.0 = Release|Any CPU
		{1F3C24ED-B883-406F-B8C1-2C5AC83DFA00}.AppStore|x64.ActiveCfg = Release|Any CPU
		{1F3C24ED-B883-406F-B8C1-2C5AC83DFA00}.AppStore|x64.Build.0 = Release|Any CPU
		{1F3C24ED-B883-406F-B8C1-2C5AC83DFA00}.AppStore|x86.ActiveCfg = Release|Any CPU
		{1F3C24ED-B883-406F-B8C1-2C5AC83DFA00}.AppStore|x86.Build.0 = Release|Any CPU
		{1F3C24ED-B883-406F-B8C1-2C5AC83DFA00}.Debug|Any CPU.ActiveCfg = Debug|Any CPU
		{1F3C24ED-B883-406F-B8C1-2C5AC83DFA00}.Debug|Any CPU.Build.0 = Debug|Any CPU
		{1F3C24ED-B883-406F-B8C1-2C5AC83DFA00}.Debug|ARM.ActiveCfg = Debug|Any CPU
		{1F3C24ED-B883-406F-B8C1-2C5AC83DFA00}.Debug|ARM.Build.0 = Debug|Any CPU
		{1F3C24ED-B883-406F-B8C1-2C5AC83DFA00}.Debug|iPhone.ActiveCfg = Debug|Any CPU
		{1F3C24ED-B883-406F-B8C1-2C5AC83DFA00}.Debug|iPhone.Build.0 = Debug|Any CPU
		{1F3C24ED-B883-406F-B8C1-2C5AC83DFA00}.Debug|iPhoneSimulator.ActiveCfg = Debug|Any CPU
		{1F3C24ED-B883-406F-B8C1-2C5AC83DFA00}.Debug|iPhoneSimulator.Build.0 = Debug|Any CPU
		{1F3C24ED-B883-406F-B8C1-2C5AC83DFA00}.Debug|x64.ActiveCfg = Debug|Any CPU
		{1F3C24ED-B883-406F-B8C1-2C5AC83DFA00}.Debug|x64.Build.0 = Debug|Any CPU
		{1F3C24ED-B883-406F-B8C1-2C5AC83DFA00}.Debug|x86.ActiveCfg = Debug|Any CPU
		{1F3C24ED-B883-406F-B8C1-2C5AC83DFA00}.Debug|x86.Build.0 = Debug|Any CPU
		{1F3C24ED-B883-406F-B8C1-2C5AC83DFA00}.Release|Any CPU.ActiveCfg = Release|Any CPU
		{1F3C24ED-B883-406F-B8C1-2C5AC83DFA00}.Release|Any CPU.Build.0 = Release|Any CPU
		{1F3C24ED-B883-406F-B8C1-2C5AC83DFA00}.Release|ARM.ActiveCfg = Release|Any CPU
		{1F3C24ED-B883-406F-B8C1-2C5AC83DFA00}.Release|ARM.Build.0 = Release|Any CPU
		{1F3C24ED-B883-406F-B8C1-2C5AC83DFA00}.Release|iPhone.ActiveCfg = Release|Any CPU
		{1F3C24ED-B883-406F-B8C1-2C5AC83DFA00}.Release|iPhone.Build.0 = Release|Any CPU
		{1F3C24ED-B883-406F-B8C1-2C5AC83DFA00}.Release|iPhoneSimulator.ActiveCfg = Release|Any CPU
		{1F3C24ED-B883-406F-B8C1-2C5AC83DFA00}.Release|iPhoneSimulator.Build.0 = Release|Any CPU
		{1F3C24ED-B883-406F-B8C1-2C5AC83DFA00}.Release|x64.ActiveCfg = Release|Any CPU
		{1F3C24ED-B883-406F-B8C1-2C5AC83DFA00}.Release|x64.Build.0 = Release|Any CPU
		{1F3C24ED-B883-406F-B8C1-2C5AC83DFA00}.Release|x86.ActiveCfg = Release|Any CPU
		{1F3C24ED-B883-406F-B8C1-2C5AC83DFA00}.Release|x86.Build.0 = Release|Any CPU
		{203B7497-4192-4B84-B903-6E67CFA1E6BA}.Ad-Hoc|Any CPU.ActiveCfg = Release|Any CPU
		{203B7497-4192-4B84-B903-6E67CFA1E6BA}.Ad-Hoc|Any CPU.Build.0 = Release|Any CPU
		{203B7497-4192-4B84-B903-6E67CFA1E6BA}.Ad-Hoc|Any CPU.Deploy.0 = Release|Any CPU
		{203B7497-4192-4B84-B903-6E67CFA1E6BA}.Ad-Hoc|ARM.ActiveCfg = Release|Any CPU
		{203B7497-4192-4B84-B903-6E67CFA1E6BA}.Ad-Hoc|ARM.Build.0 = Release|Any CPU
		{203B7497-4192-4B84-B903-6E67CFA1E6BA}.Ad-Hoc|ARM.Deploy.0 = Release|Any CPU
		{203B7497-4192-4B84-B903-6E67CFA1E6BA}.Ad-Hoc|iPhone.ActiveCfg = Release|Any CPU
		{203B7497-4192-4B84-B903-6E67CFA1E6BA}.Ad-Hoc|iPhone.Build.0 = Release|Any CPU
		{203B7497-4192-4B84-B903-6E67CFA1E6BA}.Ad-Hoc|iPhone.Deploy.0 = Release|Any CPU
		{203B7497-4192-4B84-B903-6E67CFA1E6BA}.Ad-Hoc|iPhoneSimulator.ActiveCfg = Release|Any CPU
		{203B7497-4192-4B84-B903-6E67CFA1E6BA}.Ad-Hoc|iPhoneSimulator.Build.0 = Release|Any CPU
		{203B7497-4192-4B84-B903-6E67CFA1E6BA}.Ad-Hoc|iPhoneSimulator.Deploy.0 = Release|Any CPU
		{203B7497-4192-4B84-B903-6E67CFA1E6BA}.Ad-Hoc|x64.ActiveCfg = Release|Any CPU
		{203B7497-4192-4B84-B903-6E67CFA1E6BA}.Ad-Hoc|x64.Build.0 = Release|Any CPU
		{203B7497-4192-4B84-B903-6E67CFA1E6BA}.Ad-Hoc|x64.Deploy.0 = Release|Any CPU
		{203B7497-4192-4B84-B903-6E67CFA1E6BA}.Ad-Hoc|x86.ActiveCfg = Release|Any CPU
		{203B7497-4192-4B84-B903-6E67CFA1E6BA}.Ad-Hoc|x86.Build.0 = Release|Any CPU
		{203B7497-4192-4B84-B903-6E67CFA1E6BA}.Ad-Hoc|x86.Deploy.0 = Release|Any CPU
		{203B7497-4192-4B84-B903-6E67CFA1E6BA}.AppStore|Any CPU.ActiveCfg = Release|Any CPU
		{203B7497-4192-4B84-B903-6E67CFA1E6BA}.AppStore|Any CPU.Build.0 = Release|Any CPU
		{203B7497-4192-4B84-B903-6E67CFA1E6BA}.AppStore|Any CPU.Deploy.0 = Release|Any CPU
		{203B7497-4192-4B84-B903-6E67CFA1E6BA}.AppStore|ARM.ActiveCfg = Release|Any CPU
		{203B7497-4192-4B84-B903-6E67CFA1E6BA}.AppStore|ARM.Build.0 = Release|Any CPU
		{203B7497-4192-4B84-B903-6E67CFA1E6BA}.AppStore|ARM.Deploy.0 = Release|Any CPU
		{203B7497-4192-4B84-B903-6E67CFA1E6BA}.AppStore|iPhone.ActiveCfg = Release|Any CPU
		{203B7497-4192-4B84-B903-6E67CFA1E6BA}.AppStore|iPhone.Build.0 = Release|Any CPU
		{203B7497-4192-4B84-B903-6E67CFA1E6BA}.AppStore|iPhone.Deploy.0 = Release|Any CPU
		{203B7497-4192-4B84-B903-6E67CFA1E6BA}.AppStore|iPhoneSimulator.ActiveCfg = Release|Any CPU
		{203B7497-4192-4B84-B903-6E67CFA1E6BA}.AppStore|iPhoneSimulator.Build.0 = Release|Any CPU
		{203B7497-4192-4B84-B903-6E67CFA1E6BA}.AppStore|iPhoneSimulator.Deploy.0 = Release|Any CPU
		{203B7497-4192-4B84-B903-6E67CFA1E6BA}.AppStore|x64.ActiveCfg = Release|Any CPU
		{203B7497-4192-4B84-B903-6E67CFA1E6BA}.AppStore|x64.Build.0 = Release|Any CPU
		{203B7497-4192-4B84-B903-6E67CFA1E6BA}.AppStore|x64.Deploy.0 = Release|Any CPU
		{203B7497-4192-4B84-B903-6E67CFA1E6BA}.AppStore|x86.ActiveCfg = Release|Any CPU
		{203B7497-4192-4B84-B903-6E67CFA1E6BA}.AppStore|x86.Build.0 = Release|Any CPU
		{203B7497-4192-4B84-B903-6E67CFA1E6BA}.AppStore|x86.Deploy.0 = Release|Any CPU
		{203B7497-4192-4B84-B903-6E67CFA1E6BA}.Debug|Any CPU.ActiveCfg = Debug|Any CPU
		{203B7497-4192-4B84-B903-6E67CFA1E6BA}.Debug|Any CPU.Build.0 = Debug|Any CPU
		{203B7497-4192-4B84-B903-6E67CFA1E6BA}.Debug|Any CPU.Deploy.0 = Debug|Any CPU
		{203B7497-4192-4B84-B903-6E67CFA1E6BA}.Debug|ARM.ActiveCfg = Debug|Any CPU
		{203B7497-4192-4B84-B903-6E67CFA1E6BA}.Debug|ARM.Build.0 = Debug|Any CPU
		{203B7497-4192-4B84-B903-6E67CFA1E6BA}.Debug|ARM.Deploy.0 = Debug|Any CPU
		{203B7497-4192-4B84-B903-6E67CFA1E6BA}.Debug|iPhone.ActiveCfg = Debug|Any CPU
		{203B7497-4192-4B84-B903-6E67CFA1E6BA}.Debug|iPhone.Build.0 = Debug|Any CPU
		{203B7497-4192-4B84-B903-6E67CFA1E6BA}.Debug|iPhone.Deploy.0 = Debug|Any CPU
		{203B7497-4192-4B84-B903-6E67CFA1E6BA}.Debug|iPhoneSimulator.ActiveCfg = Debug|Any CPU
		{203B7497-4192-4B84-B903-6E67CFA1E6BA}.Debug|iPhoneSimulator.Build.0 = Debug|Any CPU
		{203B7497-4192-4B84-B903-6E67CFA1E6BA}.Debug|iPhoneSimulator.Deploy.0 = Debug|Any CPU
		{203B7497-4192-4B84-B903-6E67CFA1E6BA}.Debug|x64.ActiveCfg = Debug|Any CPU
		{203B7497-4192-4B84-B903-6E67CFA1E6BA}.Debug|x64.Build.0 = Debug|Any CPU
		{203B7497-4192-4B84-B903-6E67CFA1E6BA}.Debug|x64.Deploy.0 = Debug|Any CPU
		{203B7497-4192-4B84-B903-6E67CFA1E6BA}.Debug|x86.ActiveCfg = Debug|Any CPU
		{203B7497-4192-4B84-B903-6E67CFA1E6BA}.Debug|x86.Build.0 = Debug|Any CPU
		{203B7497-4192-4B84-B903-6E67CFA1E6BA}.Debug|x86.Deploy.0 = Debug|Any CPU
		{203B7497-4192-4B84-B903-6E67CFA1E6BA}.Release|Any CPU.ActiveCfg = Release|Any CPU
		{203B7497-4192-4B84-B903-6E67CFA1E6BA}.Release|Any CPU.Build.0 = Release|Any CPU
		{203B7497-4192-4B84-B903-6E67CFA1E6BA}.Release|Any CPU.Deploy.0 = Release|Any CPU
		{203B7497-4192-4B84-B903-6E67CFA1E6BA}.Release|ARM.ActiveCfg = Release|Any CPU
		{203B7497-4192-4B84-B903-6E67CFA1E6BA}.Release|ARM.Build.0 = Release|Any CPU
		{203B7497-4192-4B84-B903-6E67CFA1E6BA}.Release|ARM.Deploy.0 = Release|Any CPU
		{203B7497-4192-4B84-B903-6E67CFA1E6BA}.Release|iPhone.ActiveCfg = Release|Any CPU
		{203B7497-4192-4B84-B903-6E67CFA1E6BA}.Release|iPhone.Build.0 = Release|Any CPU
		{203B7497-4192-4B84-B903-6E67CFA1E6BA}.Release|iPhone.Deploy.0 = Release|Any CPU
		{203B7497-4192-4B84-B903-6E67CFA1E6BA}.Release|iPhoneSimulator.ActiveCfg = Release|Any CPU
		{203B7497-4192-4B84-B903-6E67CFA1E6BA}.Release|iPhoneSimulator.Build.0 = Release|Any CPU
		{203B7497-4192-4B84-B903-6E67CFA1E6BA}.Release|iPhoneSimulator.Deploy.0 = Release|Any CPU
		{203B7497-4192-4B84-B903-6E67CFA1E6BA}.Release|x64.ActiveCfg = Release|Any CPU
		{203B7497-4192-4B84-B903-6E67CFA1E6BA}.Release|x64.Build.0 = Release|Any CPU
		{203B7497-4192-4B84-B903-6E67CFA1E6BA}.Release|x64.Deploy.0 = Release|Any CPU
		{203B7497-4192-4B84-B903-6E67CFA1E6BA}.Release|x86.ActiveCfg = Release|Any CPU
		{203B7497-4192-4B84-B903-6E67CFA1E6BA}.Release|x86.Build.0 = Release|Any CPU
		{203B7497-4192-4B84-B903-6E67CFA1E6BA}.Release|x86.Deploy.0 = Release|Any CPU
		{A87DFB7E-9E40-443B-A7E2-3E84C5611B94}.Ad-Hoc|Any CPU.ActiveCfg = Ad-Hoc|iPhone
		{A87DFB7E-9E40-443B-A7E2-3E84C5611B94}.Ad-Hoc|ARM.ActiveCfg = Ad-Hoc|iPhone
		{A87DFB7E-9E40-443B-A7E2-3E84C5611B94}.Ad-Hoc|iPhone.ActiveCfg = Ad-Hoc|iPhone
		{A87DFB7E-9E40-443B-A7E2-3E84C5611B94}.Ad-Hoc|iPhone.Build.0 = Ad-Hoc|iPhone
		{A87DFB7E-9E40-443B-A7E2-3E84C5611B94}.Ad-Hoc|iPhoneSimulator.ActiveCfg = Ad-Hoc|iPhoneSimulator
		{A87DFB7E-9E40-443B-A7E2-3E84C5611B94}.Ad-Hoc|iPhoneSimulator.Build.0 = Ad-Hoc|iPhoneSimulator
		{A87DFB7E-9E40-443B-A7E2-3E84C5611B94}.Ad-Hoc|x64.ActiveCfg = Ad-Hoc|iPhone
		{A87DFB7E-9E40-443B-A7E2-3E84C5611B94}.Ad-Hoc|x86.ActiveCfg = Ad-Hoc|iPhone
		{A87DFB7E-9E40-443B-A7E2-3E84C5611B94}.AppStore|Any CPU.ActiveCfg = AppStore|iPhone
		{A87DFB7E-9E40-443B-A7E2-3E84C5611B94}.AppStore|ARM.ActiveCfg = AppStore|iPhone
		{A87DFB7E-9E40-443B-A7E2-3E84C5611B94}.AppStore|iPhone.ActiveCfg = AppStore|iPhone
		{A87DFB7E-9E40-443B-A7E2-3E84C5611B94}.AppStore|iPhone.Build.0 = AppStore|iPhone
		{A87DFB7E-9E40-443B-A7E2-3E84C5611B94}.AppStore|iPhoneSimulator.ActiveCfg = AppStore|iPhoneSimulator
		{A87DFB7E-9E40-443B-A7E2-3E84C5611B94}.AppStore|iPhoneSimulator.Build.0 = AppStore|iPhoneSimulator
		{A87DFB7E-9E40-443B-A7E2-3E84C5611B94}.AppStore|x64.ActiveCfg = AppStore|iPhone
		{A87DFB7E-9E40-443B-A7E2-3E84C5611B94}.AppStore|x86.ActiveCfg = AppStore|iPhone
		{A87DFB7E-9E40-443B-A7E2-3E84C5611B94}.Debug|Any CPU.ActiveCfg = Debug|iPhone
		{A87DFB7E-9E40-443B-A7E2-3E84C5611B94}.Debug|ARM.ActiveCfg = Debug|iPhone
		{A87DFB7E-9E40-443B-A7E2-3E84C5611B94}.Debug|iPhone.ActiveCfg = Debug|iPhone
		{A87DFB7E-9E40-443B-A7E2-3E84C5611B94}.Debug|iPhone.Build.0 = Debug|iPhone
		{A87DFB7E-9E40-443B-A7E2-3E84C5611B94}.Debug|iPhoneSimulator.ActiveCfg = Debug|iPhoneSimulator
		{A87DFB7E-9E40-443B-A7E2-3E84C5611B94}.Debug|iPhoneSimulator.Build.0 = Debug|iPhoneSimulator
		{A87DFB7E-9E40-443B-A7E2-3E84C5611B94}.Debug|x64.ActiveCfg = Debug|iPhone
		{A87DFB7E-9E40-443B-A7E2-3E84C5611B94}.Debug|x86.ActiveCfg = Debug|iPhone
		{A87DFB7E-9E40-443B-A7E2-3E84C5611B94}.Release|Any CPU.ActiveCfg = Release|iPhone
		{A87DFB7E-9E40-443B-A7E2-3E84C5611B94}.Release|ARM.ActiveCfg = Release|iPhone
		{A87DFB7E-9E40-443B-A7E2-3E84C5611B94}.Release|iPhone.ActiveCfg = Release|iPhone
		{A87DFB7E-9E40-443B-A7E2-3E84C5611B94}.Release|iPhone.Build.0 = Release|iPhone
		{A87DFB7E-9E40-443B-A7E2-3E84C5611B94}.Release|iPhoneSimulator.ActiveCfg = Release|iPhoneSimulator
		{A87DFB7E-9E40-443B-A7E2-3E84C5611B94}.Release|iPhoneSimulator.Build.0 = Release|iPhoneSimulator
		{A87DFB7E-9E40-443B-A7E2-3E84C5611B94}.Release|x64.ActiveCfg = Release|iPhone
		{A87DFB7E-9E40-443B-A7E2-3E84C5611B94}.Release|x86.ActiveCfg = Release|iPhone
		{0E44B7F3-6994-4E0F-AD73-60EF8DCC55CC}.Ad-Hoc|Any CPU.ActiveCfg = Release|x86
		{0E44B7F3-6994-4E0F-AD73-60EF8DCC55CC}.Ad-Hoc|Any CPU.Build.0 = Release|x86
		{0E44B7F3-6994-4E0F-AD73-60EF8DCC55CC}.Ad-Hoc|Any CPU.Deploy.0 = Release|x86
		{0E44B7F3-6994-4E0F-AD73-60EF8DCC55CC}.Ad-Hoc|ARM.ActiveCfg = Release|ARM
		{0E44B7F3-6994-4E0F-AD73-60EF8DCC55CC}.Ad-Hoc|ARM.Build.0 = Release|ARM
		{0E44B7F3-6994-4E0F-AD73-60EF8DCC55CC}.Ad-Hoc|ARM.Deploy.0 = Release|ARM
		{0E44B7F3-6994-4E0F-AD73-60EF8DCC55CC}.Ad-Hoc|iPhone.ActiveCfg = Release|x86
		{0E44B7F3-6994-4E0F-AD73-60EF8DCC55CC}.Ad-Hoc|iPhone.Build.0 = Release|x86
		{0E44B7F3-6994-4E0F-AD73-60EF8DCC55CC}.Ad-Hoc|iPhone.Deploy.0 = Release|x86
		{0E44B7F3-6994-4E0F-AD73-60EF8DCC55CC}.Ad-Hoc|iPhoneSimulator.ActiveCfg = Release|x86
		{0E44B7F3-6994-4E0F-AD73-60EF8DCC55CC}.Ad-Hoc|iPhoneSimulator.Build.0 = Release|x86
		{0E44B7F3-6994-4E0F-AD73-60EF8DCC55CC}.Ad-Hoc|iPhoneSimulator.Deploy.0 = Release|x86
		{0E44B7F3-6994-4E0F-AD73-60EF8DCC55CC}.Ad-Hoc|x64.ActiveCfg = Release|x64
		{0E44B7F3-6994-4E0F-AD73-60EF8DCC55CC}.Ad-Hoc|x64.Build.0 = Release|x64
		{0E44B7F3-6994-4E0F-AD73-60EF8DCC55CC}.Ad-Hoc|x64.Deploy.0 = Release|x64
		{0E44B7F3-6994-4E0F-AD73-60EF8DCC55CC}.Ad-Hoc|x86.ActiveCfg = Release|x86
		{0E44B7F3-6994-4E0F-AD73-60EF8DCC55CC}.Ad-Hoc|x86.Build.0 = Release|x86
		{0E44B7F3-6994-4E0F-AD73-60EF8DCC55CC}.Ad-Hoc|x86.Deploy.0 = Release|x86
		{0E44B7F3-6994-4E0F-AD73-60EF8DCC55CC}.AppStore|Any CPU.ActiveCfg = Release|x86
		{0E44B7F3-6994-4E0F-AD73-60EF8DCC55CC}.AppStore|Any CPU.Build.0 = Release|x86
		{0E44B7F3-6994-4E0F-AD73-60EF8DCC55CC}.AppStore|Any CPU.Deploy.0 = Release|x86
		{0E44B7F3-6994-4E0F-AD73-60EF8DCC55CC}.AppStore|ARM.ActiveCfg = Release|ARM
		{0E44B7F3-6994-4E0F-AD73-60EF8DCC55CC}.AppStore|ARM.Build.0 = Release|ARM
		{0E44B7F3-6994-4E0F-AD73-60EF8DCC55CC}.AppStore|ARM.Deploy.0 = Release|ARM
		{0E44B7F3-6994-4E0F-AD73-60EF8DCC55CC}.AppStore|iPhone.ActiveCfg = Release|x86
		{0E44B7F3-6994-4E0F-AD73-60EF8DCC55CC}.AppStore|iPhone.Build.0 = Release|x86
		{0E44B7F3-6994-4E0F-AD73-60EF8DCC55CC}.AppStore|iPhone.Deploy.0 = Release|x86
		{0E44B7F3-6994-4E0F-AD73-60EF8DCC55CC}.AppStore|iPhoneSimulator.ActiveCfg = Release|x86
		{0E44B7F3-6994-4E0F-AD73-60EF8DCC55CC}.AppStore|iPhoneSimulator.Build.0 = Release|x86
		{0E44B7F3-6994-4E0F-AD73-60EF8DCC55CC}.AppStore|iPhoneSimulator.Deploy.0 = Release|x86
		{0E44B7F3-6994-4E0F-AD73-60EF8DCC55CC}.AppStore|x64.ActiveCfg = Release|x64
		{0E44B7F3-6994-4E0F-AD73-60EF8DCC55CC}.AppStore|x64.Build.0 = Release|x64
		{0E44B7F3-6994-4E0F-AD73-60EF8DCC55CC}.AppStore|x64.Deploy.0 = Release|x64
		{0E44B7F3-6994-4E0F-AD73-60EF8DCC55CC}.AppStore|x86.ActiveCfg = Release|x86
		{0E44B7F3-6994-4E0F-AD73-60EF8DCC55CC}.AppStore|x86.Build.0 = Release|x86
		{0E44B7F3-6994-4E0F-AD73-60EF8DCC55CC}.AppStore|x86.Deploy.0 = Release|x86
		{0E44B7F3-6994-4E0F-AD73-60EF8DCC55CC}.Debug|Any CPU.ActiveCfg = Debug|x86
		{0E44B7F3-6994-4E0F-AD73-60EF8DCC55CC}.Debug|ARM.ActiveCfg = Debug|ARM
		{0E44B7F3-6994-4E0F-AD73-60EF8DCC55CC}.Debug|ARM.Build.0 = Debug|ARM
		{0E44B7F3-6994-4E0F-AD73-60EF8DCC55CC}.Debug|ARM.Deploy.0 = Debug|ARM
		{0E44B7F3-6994-4E0F-AD73-60EF8DCC55CC}.Debug|iPhone.ActiveCfg = Debug|x86
		{0E44B7F3-6994-4E0F-AD73-60EF8DCC55CC}.Debug|iPhoneSimulator.ActiveCfg = Debug|x86
		{0E44B7F3-6994-4E0F-AD73-60EF8DCC55CC}.Debug|x64.ActiveCfg = Debug|x64
		{0E44B7F3-6994-4E0F-AD73-60EF8DCC55CC}.Debug|x64.Build.0 = Debug|x64
		{0E44B7F3-6994-4E0F-AD73-60EF8DCC55CC}.Debug|x64.Deploy.0 = Debug|x64
		{0E44B7F3-6994-4E0F-AD73-60EF8DCC55CC}.Debug|x86.ActiveCfg = Debug|x86
		{0E44B7F3-6994-4E0F-AD73-60EF8DCC55CC}.Debug|x86.Build.0 = Debug|x86
		{0E44B7F3-6994-4E0F-AD73-60EF8DCC55CC}.Debug|x86.Deploy.0 = Debug|x86
		{0E44B7F3-6994-4E0F-AD73-60EF8DCC55CC}.Release|Any CPU.ActiveCfg = Release|x86
		{0E44B7F3-6994-4E0F-AD73-60EF8DCC55CC}.Release|ARM.ActiveCfg = Release|ARM
		{0E44B7F3-6994-4E0F-AD73-60EF8DCC55CC}.Release|ARM.Build.0 = Release|ARM
		{0E44B7F3-6994-4E0F-AD73-60EF8DCC55CC}.Release|ARM.Deploy.0 = Release|ARM
		{0E44B7F3-6994-4E0F-AD73-60EF8DCC55CC}.Release|iPhone.ActiveCfg = Release|x86
		{0E44B7F3-6994-4E0F-AD73-60EF8DCC55CC}.Release|iPhoneSimulator.ActiveCfg = Release|x86
		{0E44B7F3-6994-4E0F-AD73-60EF8DCC55CC}.Release|x64.ActiveCfg = Release|x64
		{0E44B7F3-6994-4E0F-AD73-60EF8DCC55CC}.Release|x64.Build.0 = Release|x64
		{0E44B7F3-6994-4E0F-AD73-60EF8DCC55CC}.Release|x64.Deploy.0 = Release|x64
		{0E44B7F3-6994-4E0F-AD73-60EF8DCC55CC}.Release|x86.ActiveCfg = Release|x86
		{0E44B7F3-6994-4E0F-AD73-60EF8DCC55CC}.Release|x86.Build.0 = Release|x86
		{0E44B7F3-6994-4E0F-AD73-60EF8DCC55CC}.Release|x86.Deploy.0 = Release|x86
		{89D1388A-D0D5-47EA-9A43-2E196F30D7ED}.Ad-Hoc|Any CPU.ActiveCfg = Debug|Any CPU
		{89D1388A-D0D5-47EA-9A43-2E196F30D7ED}.Ad-Hoc|Any CPU.Build.0 = Debug|Any CPU
		{89D1388A-D0D5-47EA-9A43-2E196F30D7ED}.Ad-Hoc|ARM.ActiveCfg = Debug|Any CPU
		{89D1388A-D0D5-47EA-9A43-2E196F30D7ED}.Ad-Hoc|ARM.Build.0 = Debug|Any CPU
		{89D1388A-D0D5-47EA-9A43-2E196F30D7ED}.Ad-Hoc|iPhone.ActiveCfg = Debug|Any CPU
		{89D1388A-D0D5-47EA-9A43-2E196F30D7ED}.Ad-Hoc|iPhone.Build.0 = Debug|Any CPU
		{89D1388A-D0D5-47EA-9A43-2E196F30D7ED}.Ad-Hoc|iPhoneSimulator.ActiveCfg = Debug|Any CPU
		{89D1388A-D0D5-47EA-9A43-2E196F30D7ED}.Ad-Hoc|iPhoneSimulator.Build.0 = Debug|Any CPU
		{89D1388A-D0D5-47EA-9A43-2E196F30D7ED}.Ad-Hoc|x64.ActiveCfg = Debug|Any CPU
		{89D1388A-D0D5-47EA-9A43-2E196F30D7ED}.Ad-Hoc|x64.Build.0 = Debug|Any CPU
		{89D1388A-D0D5-47EA-9A43-2E196F30D7ED}.Ad-Hoc|x86.ActiveCfg = Debug|Any CPU
		{89D1388A-D0D5-47EA-9A43-2E196F30D7ED}.Ad-Hoc|x86.Build.0 = Debug|Any CPU
		{89D1388A-D0D5-47EA-9A43-2E196F30D7ED}.AppStore|Any CPU.ActiveCfg = Debug|Any CPU
		{89D1388A-D0D5-47EA-9A43-2E196F30D7ED}.AppStore|Any CPU.Build.0 = Debug|Any CPU
		{89D1388A-D0D5-47EA-9A43-2E196F30D7ED}.AppStore|ARM.ActiveCfg = Debug|Any CPU
		{89D1388A-D0D5-47EA-9A43-2E196F30D7ED}.AppStore|ARM.Build.0 = Debug|Any CPU
		{89D1388A-D0D5-47EA-9A43-2E196F30D7ED}.AppStore|iPhone.ActiveCfg = Debug|Any CPU
		{89D1388A-D0D5-47EA-9A43-2E196F30D7ED}.AppStore|iPhone.Build.0 = Debug|Any CPU
		{89D1388A-D0D5-47EA-9A43-2E196F30D7ED}.AppStore|iPhoneSimulator.ActiveCfg = Debug|Any CPU
		{89D1388A-D0D5-47EA-9A43-2E196F30D7ED}.AppStore|iPhoneSimulator.Build.0 = Debug|Any CPU
		{89D1388A-D0D5-47EA-9A43-2E196F30D7ED}.AppStore|x64.ActiveCfg = Debug|Any CPU
		{89D1388A-D0D5-47EA-9A43-2E196F30D7ED}.AppStore|x64.Build.0 = Debug|Any CPU
		{89D1388A-D0D5-47EA-9A43-2E196F30D7ED}.AppStore|x86.ActiveCfg = Debug|Any CPU
		{89D1388A-D0D5-47EA-9A43-2E196F30D7ED}.AppStore|x86.Build.0 = Debug|Any CPU
		{89D1388A-D0D5-47EA-9A43-2E196F30D7ED}.Debug|Any CPU.ActiveCfg = Debug|Any CPU
		{89D1388A-D0D5-47EA-9A43-2E196F30D7ED}.Debug|Any CPU.Build.0 = Debug|Any CPU
		{89D1388A-D0D5-47EA-9A43-2E196F30D7ED}.Debug|ARM.ActiveCfg = Debug|Any CPU
		{89D1388A-D0D5-47EA-9A43-2E196F30D7ED}.Debug|ARM.Build.0 = Debug|Any CPU
		{89D1388A-D0D5-47EA-9A43-2E196F30D7ED}.Debug|iPhone.ActiveCfg = Debug|Any CPU
		{89D1388A-D0D5-47EA-9A43-2E196F30D7ED}.Debug|iPhone.Build.0 = Debug|Any CPU
		{89D1388A-D0D5-47EA-9A43-2E196F30D7ED}.Debug|iPhoneSimulator.ActiveCfg = Debug|Any CPU
		{89D1388A-D0D5-47EA-9A43-2E196F30D7ED}.Debug|iPhoneSimulator.Build.0 = Debug|Any CPU
		{89D1388A-D0D5-47EA-9A43-2E196F30D7ED}.Debug|x64.ActiveCfg = Debug|Any CPU
		{89D1388A-D0D5-47EA-9A43-2E196F30D7ED}.Debug|x64.Build.0 = Debug|Any CPU
		{89D1388A-D0D5-47EA-9A43-2E196F30D7ED}.Debug|x86.ActiveCfg = Debug|Any CPU
		{89D1388A-D0D5-47EA-9A43-2E196F30D7ED}.Debug|x86.Build.0 = Debug|Any CPU
		{89D1388A-D0D5-47EA-9A43-2E196F30D7ED}.Release|Any CPU.ActiveCfg = Release|Any CPU
		{89D1388A-D0D5-47EA-9A43-2E196F30D7ED}.Release|Any CPU.Build.0 = Release|Any CPU
		{89D1388A-D0D5-47EA-9A43-2E196F30D7ED}.Release|ARM.ActiveCfg = Release|Any CPU
		{89D1388A-D0D5-47EA-9A43-2E196F30D7ED}.Release|ARM.Build.0 = Release|Any CPU
		{89D1388A-D0D5-47EA-9A43-2E196F30D7ED}.Release|iPhone.ActiveCfg = Release|Any CPU
		{89D1388A-D0D5-47EA-9A43-2E196F30D7ED}.Release|iPhone.Build.0 = Release|Any CPU
		{89D1388A-D0D5-47EA-9A43-2E196F30D7ED}.Release|iPhoneSimulator.ActiveCfg = Release|Any CPU
		{89D1388A-D0D5-47EA-9A43-2E196F30D7ED}.Release|iPhoneSimulator.Build.0 = Release|Any CPU
		{89D1388A-D0D5-47EA-9A43-2E196F30D7ED}.Release|x64.ActiveCfg = Release|Any CPU
		{89D1388A-D0D5-47EA-9A43-2E196F30D7ED}.Release|x64.Build.0 = Release|Any CPU
		{89D1388A-D0D5-47EA-9A43-2E196F30D7ED}.Release|x86.ActiveCfg = Release|Any CPU
		{89D1388A-D0D5-47EA-9A43-2E196F30D7ED}.Release|x86.Build.0 = Release|Any CPU
		{B4856029-09E4-43C5-A8DE-28166371E854}.Ad-Hoc|Any CPU.ActiveCfg = Release|Any CPU
		{B4856029-09E4-43C5-A8DE-28166371E854}.Ad-Hoc|Any CPU.Build.0 = Release|Any CPU
		{B4856029-09E4-43C5-A8DE-28166371E854}.Ad-Hoc|ARM.ActiveCfg = Release|Any CPU
		{B4856029-09E4-43C5-A8DE-28166371E854}.Ad-Hoc|ARM.Build.0 = Release|Any CPU
		{B4856029-09E4-43C5-A8DE-28166371E854}.Ad-Hoc|iPhone.ActiveCfg = Release|Any CPU
		{B4856029-09E4-43C5-A8DE-28166371E854}.Ad-Hoc|iPhone.Build.0 = Release|Any CPU
		{B4856029-09E4-43C5-A8DE-28166371E854}.Ad-Hoc|iPhoneSimulator.ActiveCfg = Release|Any CPU
		{B4856029-09E4-43C5-A8DE-28166371E854}.Ad-Hoc|iPhoneSimulator.Build.0 = Release|Any CPU
		{B4856029-09E4-43C5-A8DE-28166371E854}.Ad-Hoc|x64.ActiveCfg = Release|Any CPU
		{B4856029-09E4-43C5-A8DE-28166371E854}.Ad-Hoc|x64.Build.0 = Release|Any CPU
		{B4856029-09E4-43C5-A8DE-28166371E854}.Ad-Hoc|x86.ActiveCfg = Release|Any CPU
		{B4856029-09E4-43C5-A8DE-28166371E854}.Ad-Hoc|x86.Build.0 = Release|Any CPU
		{B4856029-09E4-43C5-A8DE-28166371E854}.AppStore|Any CPU.ActiveCfg = Release|Any CPU
		{B4856029-09E4-43C5-A8DE-28166371E854}.AppStore|Any CPU.Build.0 = Release|Any CPU
		{B4856029-09E4-43C5-A8DE-28166371E854}.AppStore|ARM.ActiveCfg = Release|Any CPU
		{B4856029-09E4-43C5-A8DE-28166371E854}.AppStore|ARM.Build.0 = Release|Any CPU
		{B4856029-09E4-43C5-A8DE-28166371E854}.AppStore|iPhone.ActiveCfg = Release|Any CPU
		{B4856029-09E4-43C5-A8DE-28166371E854}.AppStore|iPhone.Build.0 = Release|Any CPU
		{B4856029-09E4-43C5-A8DE-28166371E854}.AppStore|iPhoneSimulator.ActiveCfg = Release|Any CPU
		{B4856029-09E4-43C5-A8DE-28166371E854}.AppStore|iPhoneSimulator.Build.0 = Release|Any CPU
		{B4856029-09E4-43C5-A8DE-28166371E854}.AppStore|x64.ActiveCfg = Release|Any CPU
		{B4856029-09E4-43C5-A8DE-28166371E854}.AppStore|x64.Build.0 = Release|Any CPU
		{B4856029-09E4-43C5-A8DE-28166371E854}.AppStore|x86.ActiveCfg = Release|Any CPU
		{B4856029-09E4-43C5-A8DE-28166371E854}.AppStore|x86.Build.0 = Release|Any CPU
		{B4856029-09E4-43C5-A8DE-28166371E854}.Debug|Any CPU.ActiveCfg = Debug|Any CPU
		{B4856029-09E4-43C5-A8DE-28166371E854}.Debug|Any CPU.Build.0 = Debug|Any CPU
		{B4856029-09E4-43C5-A8DE-28166371E854}.Debug|ARM.ActiveCfg = Debug|Any CPU
		{B4856029-09E4-43C5-A8DE-28166371E854}.Debug|ARM.Build.0 = Debug|Any CPU
		{B4856029-09E4-43C5-A8DE-28166371E854}.Debug|iPhone.ActiveCfg = Debug|Any CPU
		{B4856029-09E4-43C5-A8DE-28166371E854}.Debug|iPhone.Build.0 = Debug|Any CPU
		{B4856029-09E4-43C5-A8DE-28166371E854}.Debug|iPhoneSimulator.ActiveCfg = Debug|Any CPU
		{B4856029-09E4-43C5-A8DE-28166371E854}.Debug|iPhoneSimulator.Build.0 = Debug|Any CPU
		{B4856029-09E4-43C5-A8DE-28166371E854}.Debug|x64.ActiveCfg = Debug|Any CPU
		{B4856029-09E4-43C5-A8DE-28166371E854}.Debug|x64.Build.0 = Debug|Any CPU
		{B4856029-09E4-43C5-A8DE-28166371E854}.Debug|x86.ActiveCfg = Debug|Any CPU
		{B4856029-09E4-43C5-A8DE-28166371E854}.Debug|x86.Build.0 = Debug|Any CPU
		{B4856029-09E4-43C5-A8DE-28166371E854}.Release|Any CPU.ActiveCfg = Release|Any CPU
		{B4856029-09E4-43C5-A8DE-28166371E854}.Release|Any CPU.Build.0 = Release|Any CPU
		{B4856029-09E4-43C5-A8DE-28166371E854}.Release|ARM.ActiveCfg = Release|Any CPU
		{B4856029-09E4-43C5-A8DE-28166371E854}.Release|ARM.Build.0 = Release|Any CPU
		{B4856029-09E4-43C5-A8DE-28166371E854}.Release|iPhone.ActiveCfg = Release|Any CPU
		{B4856029-09E4-43C5-A8DE-28166371E854}.Release|iPhone.Build.0 = Release|Any CPU
		{B4856029-09E4-43C5-A8DE-28166371E854}.Release|iPhoneSimulator.ActiveCfg = Release|Any CPU
		{B4856029-09E4-43C5-A8DE-28166371E854}.Release|iPhoneSimulator.Build.0 = Release|Any CPU
		{B4856029-09E4-43C5-A8DE-28166371E854}.Release|x64.ActiveCfg = Release|Any CPU
		{B4856029-09E4-43C5-A8DE-28166371E854}.Release|x64.Build.0 = Release|Any CPU
		{B4856029-09E4-43C5-A8DE-28166371E854}.Release|x86.ActiveCfg = Release|Any CPU
		{B4856029-09E4-43C5-A8DE-28166371E854}.Release|x86.Build.0 = Release|Any CPU
	EndGlobalSection
	GlobalSection(SolutionProperties) = preSolution
		HideSolutionNode = FALSE
	EndGlobalSection
	GlobalSection(ExtensibilityGlobals) = postSolution
		SolutionGuid = {85BC56D6-58C2-4EF5-8DEA-D2A11584C41B}
	EndGlobalSection
EndGlobal
